// !$*UTF8*$!
{
	archiveVersion = 1;
	classes = {
	};
	objectVersion = 48;
	objects = {

/* Begin PBXBuildFile section */
		02D7B5D0202C96F4004B90D7 /* AppDelegate.swift in Sources */ = {isa = PBXBuildFile; fileRef = 02D7B5CF202C96F4004B90D7 /* AppDelegate.swift */; };
		02D7B5D2202C96F4004B90D7 /* ViewController.swift in Sources */ = {isa = PBXBuildFile; fileRef = 02D7B5D1202C96F4004B90D7 /* ViewController.swift */; };
		02D7B5D5202C96F4004B90D7 /* Main.storyboard in Resources */ = {isa = PBXBuildFile; fileRef = 02D7B5D3202C96F4004B90D7 /* Main.storyboard */; };
		02D7B5D7202C96F4004B90D7 /* Assets.xcassets in Resources */ = {isa = PBXBuildFile; fileRef = 02D7B5D6202C96F4004B90D7 /* Assets.xcassets */; };
		02D7B5DA202C96F4004B90D7 /* LaunchScreen.storyboard in Resources */ = {isa = PBXBuildFile; fileRef = 02D7B5D8202C96F4004B90D7 /* LaunchScreen.storyboard */; };
		02D7B5E5202C96F4004B90D7 /* StampTests.swift in Sources */ = {isa = PBXBuildFile; fileRef = 02D7B5E4202C96F4004B90D7 /* StampTests.swift */; };
		02D7B5F0202C96F4004B90D7 /* StampUITests.swift in Sources */ = {isa = PBXBuildFile; fileRef = 02D7B5EF202C96F4004B90D7 /* StampUITests.swift */; };
/* End PBXBuildFile section */

/* Begin PBXContainerItemProxy section */
		02D7B5E1202C96F4004B90D7 /* PBXContainerItemProxy */ = {
			isa = PBXContainerItemProxy;
			containerPortal = 02D7B5C4202C96F4004B90D7 /* Project object */;
			proxyType = 1;
			remoteGlobalIDString = 02D7B5CB202C96F4004B90D7;
			remoteInfo = Stamp;
		};
		02D7B5EC202C96F4004B90D7 /* PBXContainerItemProxy */ = {
			isa = PBXContainerItemProxy;
			containerPortal = 02D7B5C4202C96F4004B90D7 /* Project object */;
			proxyType = 1;
			remoteGlobalIDString = 02D7B5CB202C96F4004B90D7;
			remoteInfo = Stamp;
		};
/* End PBXContainerItemProxy section */

/* Begin PBXFileReference section */
		02D7B5CC202C96F4004B90D7 /* Stamp.app */ = {isa = PBXFileReference; explicitFileType = wrapper.application; includeInIndex = 0; path = Stamp.app; sourceTree = BUILT_PRODUCTS_DIR; };
		02D7B5CF202C96F4004B90D7 /* AppDelegate.swift */ = {isa = PBXFileReference; lastKnownFileType = sourcecode.swift; path = AppDelegate.swift; sourceTree = "<group>"; };
		02D7B5D1202C96F4004B90D7 /* ViewController.swift */ = {isa = PBXFileReference; lastKnownFileType = sourcecode.swift; path = ViewController.swift; sourceTree = "<group>"; };
		02D7B5D4202C96F4004B90D7 /* Base */ = {isa = PBXFileReference; lastKnownFileType = file.storyboard; name = Base; path = Base.lproj/Main.storyboard; sourceTree = "<group>"; };
		02D7B5D6202C96F4004B90D7 /* Assets.xcassets */ = {isa = PBXFileReference; lastKnownFileType = folder.assetcatalog; path = Assets.xcassets; sourceTree = "<group>"; };
		02D7B5D9202C96F4004B90D7 /* Base */ = {isa = PBXFileReference; lastKnownFileType = file.storyboard; name = Base; path = Base.lproj/LaunchScreen.storyboard; sourceTree = "<group>"; };
		02D7B5DB202C96F4004B90D7 /* Info.plist */ = {isa = PBXFileReference; lastKnownFileType = text.plist.xml; path = Info.plist; sourceTree = "<group>"; };
		02D7B5E0202C96F4004B90D7 /* StampTests.xctest */ = {isa = PBXFileReference; explicitFileType = wrapper.cfbundle; includeInIndex = 0; path = StampTests.xctest; sourceTree = BUILT_PRODUCTS_DIR; };
		02D7B5E4202C96F4004B90D7 /* StampTests.swift */ = {isa = PBXFileReference; lastKnownFileType = sourcecode.swift; path = StampTests.swift; sourceTree = "<group>"; };
		02D7B5E6202C96F4004B90D7 /* Info.plist */ = {isa = PBXFileReference; lastKnownFileType = text.plist.xml; path = Info.plist; sourceTree = "<group>"; };
		02D7B5EB202C96F4004B90D7 /* StampUITests.xctest */ = {isa = PBXFileReference; explicitFileType = wrapper.cfbundle; includeInIndex = 0; path = StampUITests.xctest; sourceTree = BUILT_PRODUCTS_DIR; };
		02D7B5EF202C96F4004B90D7 /* StampUITests.swift */ = {isa = PBXFileReference; lastKnownFileType = sourcecode.swift; path = StampUITests.swift; sourceTree = "<group>"; };
		02D7B5F1202C96F4004B90D7 /* Info.plist */ = {isa = PBXFileReference; lastKnownFileType = text.plist.xml; path = Info.plist; sourceTree = "<group>"; };
/* End PBXFileReference section */

/* Begin PBXFrameworksBuildPhase section */
		02D7B5C9202C96F4004B90D7 /* Frameworks */ = {
			isa = PBXFrameworksBuildPhase;
			buildActionMask = 2147483647;
			files = (
			);
			runOnlyForDeploymentPostprocessing = 0;
		};
		02D7B5DD202C96F4004B90D7 /* Frameworks */ = {
			isa = PBXFrameworksBuildPhase;
			buildActionMask = 2147483647;
			files = (
			);
			runOnlyForDeploymentPostprocessing = 0;
		};
		02D7B5E8202C96F4004B90D7 /* Frameworks */ = {
			isa = PBXFrameworksBuildPhase;
			buildActionMask = 2147483647;
			files = (
			);
			runOnlyForDeploymentPostprocessing = 0;
		};
/* End PBXFrameworksBuildPhase section */

/* Begin PBXGroup section */
		02D7B5C3202C96F3004B90D7 = {
			isa = PBXGroup;
			children = (
				02D7B5CE202C96F4004B90D7 /* Stamp */,
				02D7B5E3202C96F4004B90D7 /* StampTests */,
				02D7B5EE202C96F4004B90D7 /* StampUITests */,
				02D7B5CD202C96F4004B90D7 /* Products */,
			);
			sourceTree = "<group>";
		};
		02D7B5CD202C96F4004B90D7 /* Products */ = {
			isa = PBXGroup;
			children = (
				02D7B5CC202C96F4004B90D7 /* Stamp.app */,
				02D7B5E0202C96F4004B90D7 /* StampTests.xctest */,
				02D7B5EB202C96F4004B90D7 /* StampUITests.xctest */,
			);
			name = Products;
			sourceTree = "<group>";
		};
		02D7B5CE202C96F4004B90D7 /* Stamp */ = {
			isa = PBXGroup;
			children = (
				02D7B5CF202C96F4004B90D7 /* AppDelegate.swift */,
				02D7B5D1202C96F4004B90D7 /* ViewController.swift */,
				02D7B5D3202C96F4004B90D7 /* Main.storyboard */,
				02D7B5D6202C96F4004B90D7 /* Assets.xcassets */,
				02D7B5D8202C96F4004B90D7 /* LaunchScreen.storyboard */,
				02D7B5DB202C96F4004B90D7 /* Info.plist */,
			);
			path = Stamp;
			sourceTree = "<group>";
		};
		02D7B5E3202C96F4004B90D7 /* StampTests */ = {
			isa = PBXGroup;
			children = (
				02D7B5E4202C96F4004B90D7 /* StampTests.swift */,
				02D7B5E6202C96F4004B90D7 /* Info.plist */,
			);
			path = StampTests;
			sourceTree = "<group>";
		};
		02D7B5EE202C96F4004B90D7 /* StampUITests */ = {
			isa = PBXGroup;
			children = (
				02D7B5EF202C96F4004B90D7 /* StampUITests.swift */,
				02D7B5F1202C96F4004B90D7 /* Info.plist */,
			);
			path = StampUITests;
			sourceTree = "<group>";
		};
/* End PBXGroup section */

/* Begin PBXNativeTarget section */
		02D7B5CB202C96F4004B90D7 /* Stamp */ = {
			isa = PBXNativeTarget;
			buildConfigurationList = 02D7B5F4202C96F4004B90D7 /* Build configuration list for PBXNativeTarget "Stamp" */;
			buildPhases = (
				02D7B5C8202C96F4004B90D7 /* Sources */,
				02D7B5C9202C96F4004B90D7 /* Frameworks */,
				02D7B5CA202C96F4004B90D7 /* Resources */,
			);
			buildRules = (
			);
			dependencies = (
			);
			name = Stamp;
			productName = Stamp;
			productReference = 02D7B5CC202C96F4004B90D7 /* Stamp.app */;
			productType = "com.apple.product-type.application";
		};
		02D7B5DF202C96F4004B90D7 /* StampTests */ = {
			isa = PBXNativeTarget;
			buildConfigurationList = 02D7B5F7202C96F4004B90D7 /* Build configuration list for PBXNativeTarget "StampTests" */;
			buildPhases = (
				02D7B5DC202C96F4004B90D7 /* Sources */,
				02D7B5DD202C96F4004B90D7 /* Frameworks */,
				02D7B5DE202C96F4004B90D7 /* Resources */,
			);
			buildRules = (
			);
			dependencies = (
				02D7B5E2202C96F4004B90D7 /* PBXTargetDependency */,
			);
			name = StampTests;
			productName = StampTests;
			productReference = 02D7B5E0202C96F4004B90D7 /* StampTests.xctest */;
			productType = "com.apple.product-type.bundle.unit-test";
		};
		02D7B5EA202C96F4004B90D7 /* StampUITests */ = {
			isa = PBXNativeTarget;
			buildConfigurationList = 02D7B5FA202C96F4004B90D7 /* Build configuration list for PBXNativeTarget "StampUITests" */;
			buildPhases = (
				02D7B5E7202C96F4004B90D7 /* Sources */,
				02D7B5E8202C96F4004B90D7 /* Frameworks */,
				02D7B5E9202C96F4004B90D7 /* Resources */,
			);
			buildRules = (
			);
			dependencies = (
				02D7B5ED202C96F4004B90D7 /* PBXTargetDependency */,
			);
			name = StampUITests;
			productName = StampUITests;
			productReference = 02D7B5EB202C96F4004B90D7 /* StampUITests.xctest */;
			productType = "com.apple.product-type.bundle.ui-testing";
		};
/* End PBXNativeTarget section */

/* Begin PBXProject section */
		02D7B5C4202C96F4004B90D7 /* Project object */ = {
			isa = PBXProject;
			attributes = {
				LastSwiftUpdateCheck = 0920;
				LastUpgradeCheck = 0920;
				ORGANIZATIONNAME = "曽根大輔";
				TargetAttributes = {
					02D7B5CB202C96F4004B90D7 = {
						CreatedOnToolsVersion = 9.2;
						ProvisioningStyle = Automatic;
					};
					02D7B5DF202C96F4004B90D7 = {
						CreatedOnToolsVersion = 9.2;
						ProvisioningStyle = Automatic;
						TestTargetID = 02D7B5CB202C96F4004B90D7;
					};
					02D7B5EA202C96F4004B90D7 = {
						CreatedOnToolsVersion = 9.2;
						ProvisioningStyle = Automatic;
						TestTargetID = 02D7B5CB202C96F4004B90D7;
					};
				};
			};
			buildConfigurationList = 02D7B5C7202C96F4004B90D7 /* Build configuration list for PBXProject "Stamp" */;
			compatibilityVersion = "Xcode 8.0";
			developmentRegion = en;
			hasScannedForEncodings = 0;
			knownRegions = (
				en,
				Base,
			);
			mainGroup = 02D7B5C3202C96F3004B90D7;
			productRefGroup = 02D7B5CD202C96F4004B90D7 /* Products */;
			projectDirPath = "";
			projectRoot = "";
			targets = (
				02D7B5CB202C96F4004B90D7 /* Stamp */,
				02D7B5DF202C96F4004B90D7 /* StampTests */,
				02D7B5EA202C96F4004B90D7 /* StampUITests */,
			);
		};
/* End PBXProject section */

/* Begin PBXResourcesBuildPhase section */
		02D7B5CA202C96F4004B90D7 /* Resources */ = {
			isa = PBXResourcesBuildPhase;
			buildActionMask = 2147483647;
			files = (
				02D7B5DA202C96F4004B90D7 /* LaunchScreen.storyboard in Resources */,
				02D7B5D7202C96F4004B90D7 /* Assets.xcassets in Resources */,
				02D7B5D5202C96F4004B90D7 /* Main.storyboard in Resources */,
			);
			runOnlyForDeploymentPostprocessing = 0;
		};
		02D7B5DE202C96F4004B90D7 /* Resources */ = {
			isa = PBXResourcesBuildPhase;
			buildActionMask = 2147483647;
			files = (
			);
			runOnlyForDeploymentPostprocessing = 0;
		};
		02D7B5E9202C96F4004B90D7 /* Resources */ = {
			isa = PBXResourcesBuildPhase;
			buildActionMask = 2147483647;
			files = (
			);
			runOnlyForDeploymentPostprocessing = 0;
		};
/* End PBXResourcesBuildPhase section */

/* Begin PBXSourcesBuildPhase section */
		02D7B5C8202C96F4004B90D7 /* Sources */ = {
			isa = PBXSourcesBuildPhase;
			buildActionMask = 2147483647;
			files = (
				02D7B5D2202C96F4004B90D7 /* ViewController.swift in Sources */,
				02D7B5D0202C96F4004B90D7 /* AppDelegate.swift in Sources */,
			);
			runOnlyForDeploymentPostprocessing = 0;
		};
		02D7B5DC202C96F4004B90D7 /* Sources */ = {
			isa = PBXSourcesBuildPhase;
			buildActionMask = 2147483647;
			files = (
				02D7B5E5202C96F4004B90D7 /* StampTests.swift in Sources */,
			);
			runOnlyForDeploymentPostprocessing = 0;
		};
		02D7B5E7202C96F4004B90D7 /* Sources */ = {
			isa = PBXSourcesBuildPhase;
			buildActionMask = 2147483647;
			files = (
				02D7B5F0202C96F4004B90D7 /* StampUITests.swift in Sources */,
			);
			runOnlyForDeploymentPostprocessing = 0;
		};
/* End PBXSourcesBuildPhase section */

/* Begin PBXTargetDependency section */
		02D7B5E2202C96F4004B90D7 /* PBXTargetDependency */ = {
			isa = PBXTargetDependency;
			target = 02D7B5CB202C96F4004B90D7 /* Stamp */;
			targetProxy = 02D7B5E1202C96F4004B90D7 /* PBXContainerItemProxy */;
		};
		02D7B5ED202C96F4004B90D7 /* PBXTargetDependency */ = {
			isa = PBXTargetDependency;
			target = 02D7B5CB202C96F4004B90D7 /* Stamp */;
			targetProxy = 02D7B5EC202C96F4004B90D7 /* PBXContainerItemProxy */;
		};
/* End PBXTargetDependency section */

/* Begin PBXVariantGroup section */
		02D7B5D3202C96F4004B90D7 /* Main.storyboard */ = {
			isa = PBXVariantGroup;
			children = (
				02D7B5D4202C96F4004B90D7 /* Base */,
			);
			name = Main.storyboard;
			sourceTree = "<group>";
		};
		02D7B5D8202C96F4004B90D7 /* LaunchScreen.storyboard */ = {
			isa = PBXVariantGroup;
			children = (
				02D7B5D9202C96F4004B90D7 /* Base */,
			);
			name = LaunchScreen.storyboard;
			sourceTree = "<group>";
		};
/* End PBXVariantGroup section */

/* Begin XCBuildConfiguration section */
		02D7B5F2202C96F4004B90D7 /* Debug */ = {
			isa = XCBuildConfiguration;
			buildSettings = {
				ALWAYS_SEARCH_USER_PATHS = NO;
				CLANG_ANALYZER_NONNULL = YES;
				CLANG_ANALYZER_NUMBER_OBJECT_CONVERSION = YES_AGGRESSIVE;
				CLANG_CXX_LANGUAGE_STANDARD = "gnu++14";
				CLANG_CXX_LIBRARY = "libc++";
				CLANG_ENABLE_MODULES = YES;
				CLANG_ENABLE_OBJC_ARC = YES;
				CLANG_WARN_BLOCK_CAPTURE_AUTORELEASING = YES;
				CLANG_WARN_BOOL_CONVERSION = YES;
				CLANG_WARN_COMMA = YES;
				CLANG_WARN_CONSTANT_CONVERSION = YES;
				CLANG_WARN_DIRECT_OBJC_ISA_USAGE = YES_ERROR;
				CLANG_WARN_DOCUMENTATION_COMMENTS = YES;
				CLANG_WARN_EMPTY_BODY = YES;
				CLANG_WARN_ENUM_CONVERSION = YES;
				CLANG_WARN_INFINITE_RECURSION = YES;
				CLANG_WARN_INT_CONVERSION = YES;
				CLANG_WARN_NON_LITERAL_NULL_CONVERSION = YES;
				CLANG_WARN_OBJC_LITERAL_CONVERSION = YES;
				CLANG_WARN_OBJC_ROOT_CLASS = YES_ERROR;
				CLANG_WARN_RANGE_LOOP_ANALYSIS = YES;
				CLANG_WARN_STRICT_PROTOTYPES = YES;
				CLANG_WARN_SUSPICIOUS_MOVE = YES;
				CLANG_WARN_UNGUARDED_AVAILABILITY = YES_AGGRESSIVE;
				CLANG_WARN_UNREACHABLE_CODE = YES;
				CLANG_WARN__DUPLICATE_METHOD_MATCH = YES;
				CODE_SIGN_IDENTITY = "iPhone Developer";
				COPY_PHASE_STRIP = NO;
				DEBUG_INFORMATION_FORMAT = dwarf;
				ENABLE_STRICT_OBJC_MSGSEND = YES;
				ENABLE_TESTABILITY = YES;
				GCC_C_LANGUAGE_STANDARD = gnu11;
				GCC_DYNAMIC_NO_PIC = NO;
				GCC_NO_COMMON_BLOCKS = YES;
				GCC_OPTIMIZATION_LEVEL = 0;
				GCC_PREPROCESSOR_DEFINITIONS = (
					"DEBUG=1",
					"$(inherited)",
				);
				GCC_WARN_64_TO_32_BIT_CONVERSION = YES;
				GCC_WARN_ABOUT_RETURN_TYPE = YES_ERROR;
				GCC_WARN_UNDECLARED_SELECTOR = YES;
				GCC_WARN_UNINITIALIZED_AUTOS = YES_AGGRESSIVE;
				GCC_WARN_UNUSED_FUNCTION = YES;
				GCC_WARN_UNUSED_VARIABLE = YES;
				IPHONEOS_DEPLOYMENT_TARGET = 11.2;
				MTL_ENABLE_DEBUG_INFO = YES;
				ONLY_ACTIVE_ARCH = YES;
				SDKROOT = iphoneos;
				SWIFT_ACTIVE_COMPILATION_CONDITIONS = DEBUG;
				SWIFT_OPTIMIZATION_LEVEL = "-Onone";
			};
			name = Debug;
		};
		02D7B5F3202C96F4004B90D7 /* Release */ = {
			isa = XCBuildConfiguration;
			buildSettings = {
				ALWAYS_SEARCH_USER_PATHS = NO;
				CLANG_ANALYZER_NONNULL = YES;
				CLANG_ANALYZER_NUMBER_OBJECT_CONVERSION = YES_AGGRESSIVE;
				CLANG_CXX_LANGUAGE_STANDARD = "gnu++14";
				CLANG_CXX_LIBRARY = "libc++";
				CLANG_ENABLE_MODULES = YES;
				CLANG_ENABLE_OBJC_ARC = YES;
				CLANG_WARN_BLOCK_CAPTURE_AUTORELEASING = YES;
				CLANG_WARN_BOOL_CONVERSION = YES;
				CLANG_WARN_COMMA = YES;
				CLANG_WARN_CONSTANT_CONVERSION = YES;
				CLANG_WARN_DIRECT_OBJC_ISA_USAGE = YES_ERROR;
				CLANG_WARN_DOCUMENTATION_COMMENTS = YES;
				CLANG_WARN_EMPTY_BODY = YES;
				CLANG_WARN_ENUM_CONVERSION = YES;
				CLANG_WARN_INFINITE_RECURSION = YES;
				CLANG_WARN_INT_CONVERSION = YES;
				CLANG_WARN_NON_LITERAL_NULL_CONVERSION = YES;
				CLANG_WARN_OBJC_LITERAL_CONVERSION = YES;
				CLANG_WARN_OBJC_ROOT_CLASS = YES_ERROR;
				CLANG_WARN_RANGE_LOOP_ANALYSIS = YES;
				CLANG_WARN_STRICT_PROTOTYPES = YES;
				CLANG_WARN_SUSPICIOUS_MOVE = YES;
				CLANG_WARN_UNGUARDED_AVAILABILITY = YES_AGGRESSIVE;
				CLANG_WARN_UNREACHABLE_CODE = YES;
				CLANG_WARN__DUPLICATE_METHOD_MATCH = YES;
				CODE_SIGN_IDENTITY = "iPhone Developer";
				COPY_PHASE_STRIP = NO;
				DEBUG_INFORMATION_FORMAT = "dwarf-with-dsym";
				ENABLE_NS_ASSERTIONS = NO;
				ENABLE_STRICT_OBJC_MSGSEND = YES;
				GCC_C_LANGUAGE_STANDARD = gnu11;
				GCC_NO_COMMON_BLOCKS = YES;
				GCC_WARN_64_TO_32_BIT_CONVERSION = YES;
				GCC_WARN_ABOUT_RETURN_TYPE = YES_ERROR;
				GCC_WARN_UNDECLARED_SELECTOR = YES;
				GCC_WARN_UNINITIALIZED_AUTOS = YES_AGGRESSIVE;
				GCC_WARN_UNUSED_FUNCTION = YES;
				GCC_WARN_UNUSED_VARIABLE = YES;
				IPHONEOS_DEPLOYMENT_TARGET = 11.2;
				MTL_ENABLE_DEBUG_INFO = NO;
				SDKROOT = iphoneos;
				SWIFT_OPTIMIZATION_LEVEL = "-Owholemodule";
				VALIDATE_PRODUCT = YES;
			};
			name = Release;
		};
		02D7B5F5202C96F4004B90D7 /* Debug */ = {
			isa = XCBuildConfiguration;
			buildSettings = {
				ASSETCATALOG_COMPILER_APPICON_NAME = AppIcon;
				CODE_SIGN_STYLE = Automatic;
				INFOPLIST_FILE = Stamp/Info.plist;
				LD_RUNPATH_SEARCH_PATHS = "$(inherited) @executable_path/Frameworks";
				PRODUCT_BUNDLE_IDENTIFIER = com.Stamp;
				PRODUCT_NAME = "$(TARGET_NAME)";
				SWIFT_VERSION = 4.0;
				TARGETED_DEVICE_FAMILY = "1,2";
			};
			name = Debug;
		};
		02D7B5F6202C96F4004B90D7 /* Release */ = {
			isa = XCBuildConfiguration;
			buildSettings = {
				ASSETCATALOG_COMPILER_APPICON_NAME = AppIcon;
				CODE_SIGN_STYLE = Automatic;
				INFOPLIST_FILE = Stamp/Info.plist;
				LD_RUNPATH_SEARCH_PATHS = "$(inherited) @executable_path/Frameworks";
				PRODUCT_BUNDLE_IDENTIFIER = com.Stamp;
				PRODUCT_NAME = "$(TARGET_NAME)";
				SWIFT_VERSION = 4.0;
				TARGETED_DEVICE_FAMILY = "1,2";
			};
			name = Release;
		};
		02D7B5F8202C96F4004B90D7 /* Debug */ = {
			isa = XCBuildConfiguration;
			buildSettings = {
				ALWAYS_EMBED_SWIFT_STANDARD_LIBRARIES = YES;
				BUNDLE_LOADER = "$(TEST_HOST)";
				CODE_SIGN_STYLE = Automatic;
				INFOPLIST_FILE = StampTests/Info.plist;
				LD_RUNPATH_SEARCH_PATHS = "$(inherited) @executable_path/Frameworks @loader_path/Frameworks";
				PRODUCT_BUNDLE_IDENTIFIER = com.StampTests;
				PRODUCT_NAME = "$(TARGET_NAME)";
				SWIFT_VERSION = 4.0;
				TARGETED_DEVICE_FAMILY = "1,2";
				TEST_HOST = "$(BUILT_PRODUCTS_DIR)/Stamp.app/Stamp";
			};
			name = Debug;
		};
		02D7B5F9202C96F4004B90D7 /* Release */ = {
			isa = XCBuildConfiguration;
			buildSettings = {
				ALWAYS_EMBED_SWIFT_STANDARD_LIBRARIES = YES;
				BUNDLE_LOADER = "$(TEST_HOST)";
				CODE_SIGN_STYLE = Automatic;
				INFOPLIST_FILE = StampTests/Info.plist;
				LD_RUNPATH_SEARCH_PATHS = "$(inherited) @executable_path/Frameworks @loader_path/Frameworks";
				PRODUCT_BUNDLE_IDENTIFIER = com.StampTests;
				PRODUCT_NAME = "$(TARGET_NAME)";
				SWIFT_VERSION = 4.0;
				TARGETED_DEVICE_FAMILY = "1,2";
				TEST_HOST = "$(BUILT_PRODUCTS_DIR)/Stamp.app/Stamp";
			};
			name = Release;
		};
		02D7B5FB202C96F4004B90D7 /* Debug */ = {
			isa = XCBuildConfiguration;
			buildSettings = {
				ALWAYS_EMBED_SWIFT_STANDARD_LIBRARIES = YES;
				CODE_SIGN_STYLE = Automatic;
				INFOPLIST_FILE = StampUITests/Info.plist;
				LD_RUNPATH_SEARCH_PATHS = "$(inherited) @executable_path/Frameworks @loader_path/Frameworks";
				PRODUCT_BUNDLE_IDENTIFIER = com.StampUITests;
				PRODUCT_NAME = "$(TARGET_NAME)";
				SWIFT_VERSION = 4.0;
				TARGETED_DEVICE_FAMILY = "1,2";
				TEST_TARGET_NAME = Stamp;
			};
			name = Debug;
		};
		02D7B5FC202C96F4004B90D7 /* Release */ = {
			isa = XCBuildConfiguration;
			buildSettings = {
				ALWAYS_EMBED_SWIFT_STANDARD_LIBRARIES = YES;
				CODE_SIGN_STYLE = Automatic;
				INFOPLIST_FILE = StampUITests/Info.plist;
				LD_RUNPATH_SEARCH_PATHS = "$(inherited) @executable_path/Frameworks @loader_path/Frameworks";
				PRODUCT_BUNDLE_IDENTIFIER = com.StampUITests;
				PRODUCT_NAME = "$(TARGET_NAME)";
				SWIFT_VERSION = 4.0;
				TARGETED_DEVICE_FAMILY = "1,2";
				TEST_TARGET_NAME = Stamp;
			};
			name = Release;
		};
/* End XCBuildConfiguration section */

/* Begin XCConfigurationList section */
		02D7B5C7202C96F4004B90D7 /* Build configuration list for PBXProject "Stamp" */ = {
			isa = XCConfigurationList;
			buildConfigurations = (
				02D7B5F2202C96F4004B90D7 /* Debug */,
				02D7B5F3202C96F4004B90D7 /* Release */,
			);
			defaultConfigurationIsVisible = 0;
			defaultConfigurationName = Release;
		};
		02D7B5F4202C96F4004B90D7 /* Build configuration list for PBXNativeTarget "Stamp" */ = {
			isa = XCConfigurationList;
			buildConfigurations = (
				02D7B5F5202C96F4004B90D7 /* Debug */,
				02D7B5F6202C96F4004B90D7 /* Release */,
			);
			defaultConfigurationIsVisible = 0;
			defaultConfigurationName = Release;
		};
		02D7B5F7202C96F4004B90D7 /* Build configuration list for PBXNativeTarget "StampTests" */ = {
			isa = XCConfigurationList;
			buildConfigurations = (
				02D7B5F8202C96F4004B90D7 /* Debug */,
				02D7B5F9202C96F4004B90D7 /* Release */,
			);
			defaultConfigurationIsVisible = 0;
			defaultConfigurationName = Release;
		};
		02D7B5FA202C96F4004B90D7 /* Build configuration list for PBXNativeTarget "StampUITests" */ = {
			isa = XCConfigurationList;
			buildConfigurations = (
				02D7B5FB202C96F4004B90D7 /* Debug */,
				02D7B5FC202C96F4004B90D7 /* Release */,
			);
			defaultConfigurationIsVisible = 0;
			defaultConfigurationName = Release;
		};
/* End XCConfigurationList section */
	};
	rootObject = 02D7B5C4202C96F4004B90D7 /* Project object */;
}
